{
    "requires": true,
    "lockfileVersion": 1,
    "dependencies": {
        "animate.css": {
            "version": "4.1.1",
            "resolved": "https://registry.npmjs.org/animate.css/-/animate.css-4.1.1.tgz",
            "integrity": "sha512-+mRmCTv6SbCmtYJCN4faJMNFVNN5EuCTTprDTAo7YzIGji2KADmakjVA3+8mVDkZ2Bf09vayB35lSQIex2+QaQ=="
        },
        "faker": {
            "version": "5.5.3",
            "resolved": "https://registry.npmjs.org/faker/-/faker-5.5.3.tgz",
            "integrity": "sha512-wLTv2a28wjUyWkbnX7u/ABZBkUkIF2fCd73V6P2oFqEGEktDfzWx4UxrSqtPRw0xPRAcjeAOIiJWqZm3pP4u3g=="
        }
    }
}
